PODS:
  - RxQueue (0.1.4):
    - RxSwift
  - RxSwift (3.3.1)

DEPENDENCIES:
  - RxQueue (from `../`)
  - RxSwift

EXTERNAL SOURCES:
  RxQueue:
    :path: "../"

SPEC CHECKSUMS:
  RxQueue: 057d61a4e53a9407e7bb0a5fadcab8dfb7c95a0c
  RxSwift: 8fc9f2de6275a9101d518444e00bf32f1a42caac

PODFILE CHECKSUM: cea543b4a5f69d9f4a6c0a524797e19cce11f2f2

COCOAPODS: 1.2.0
