PODS:
  - RxQueue (0.1.2):
    - RxSwift
  - RxSwift (3.3.1)

DEPENDENCIES:
  - RxQueue (from `../`)
  - RxSwift

EXTERNAL SOURCES:
  RxQueue:
    :path: "../"

SPEC CHECKSUMS:
  RxQueue: b94016c9a135497035c907f11ee7866a2bff785a
  RxSwift: 8fc9f2de6275a9101d518444e00bf32f1a42caac

PODFILE CHECKSUM: cea543b4a5f69d9f4a6c0a524797e19cce11f2f2

COCOAPODS: 1.2.0
