PODS:
  - RxQueue (0.6.0):
    - RxSwift
  - RxSwift (4.1.1)

DEPENDENCIES:
  - RxQueue (from `../`)
  - RxSwift

SPEC REPOS:
  https://github.com/cocoapods/specs.git:
    - RxSwift

EXTERNAL SOURCES:
  RxQueue:
    :path: "../"

SPEC CHECKSUMS:
  RxQueue: 389a369231d4d9d1cdaa6b61d90df92a006a80a4
  RxSwift: c6e3b1c7b325c7d121cd4327e9d98b7ed746b570

PODFILE CHECKSUM: 24560fbff3d68df58b2c55e01e4768e800929b44

COCOAPODS: 1.5.3
